
Microsoft Visual Studio Solution File, Format Version 12.00
# Visual Studio Version 16
VisualStudioVersion = 16.0.29102.190
MinimumVisualStudioVersion = 10.0.40219.1
Project("{FAE04EC0-301F-11D3-BF4B-00C04F79EFBC}") = "Retail2", "Retail2\Retail2.csproj", "{282D5E76-DF61-432C-86C3-B8B17F0B9BC9}"
EndProject
Global
	GlobalSection(SolutionConfigurationPlatforms) = preSolution
		Debug|Any CPU = Debug|Any CPU
		Release|Any CPU = Release|Any CPU
	EndGlobalSection
	GlobalSection(ProjectConfigurationPlatforms) = postSolution
		{282D5E76-DF61-432C-86C3-B8B17F0B9BC9}.Debug|Any CPU.ActiveCfg = Debug|Any CPU
		{282D5E76-DF61-432C-86C3-B8B17F0B9BC9}.Debug|Any CPU.Build.0 = Debug|Any CPU
		{282D5E76-DF61-432C-86C3-B8B17F0B9BC9}.Release|Any CPU.ActiveCfg = Release|Any CPU
		{282D5E76-DF61-432C-86C3-B8B17F0B9BC9}.Release|Any CPU.Build.0 = Release|Any CPU
	EndGlobalSection
	GlobalSection(SolutionProperties) = preSolution
		HideSolutionNode = FALSE
	EndGlobalSection
	GlobalSection(ExtensibilityGlobals) = postSolution
		SolutionGuid = {EBEC2B05-6D7F-4A5B-BBEA-17B4A4DF6BA1}
	EndGlobalSection
EndGlobal
